// !$*UTF8*$!
{
	archiveVersion = 1;
	classes = {
	};
	objectVersion = 51;
	objects = {

/* Begin PBXBuildFile section */
		4F03604324D52E4A0010D46C /* HHMomentsLayout.m in Sources */ = {isa = PBXBuildFile; fileRef = 4F03604224D52E4A0010D46C /* HHMomentsLayout.m */; };
		4F03604724D53A760010D46C /* HHConst.m in Sources */ = {isa = PBXBuildFile; fileRef = 4F03604624D53A760010D46C /* HHConst.m */; };
		4F529CEA24D45DEC00881FCB /* HHPhotoView.m in Sources */ = {isa = PBXBuildFile; fileRef = 4F529CE924D45DEC00881FCB /* HHPhotoView.m */; };
		4F529CEC24D4768A00881FCB /* data.json in Resources */ = {isa = PBXBuildFile; fileRef = 4F529CEB24D4768A00881FCB /* data.json */; };
		4F9FE00D24D44B9A000A21AF /* AppDelegate.m in Sources */ = {isa = PBXBuildFile; fileRef = 4F9FE00C24D44B9A000A21AF /* AppDelegate.m */; };
		4F9FE01824D44B9C000A21AF /* Assets.xcassets in Resources */ = {isa = PBXBuildFile; fileRef = 4F9FE01724D44B9C000A21AF /* Assets.xcassets */; };
		4F9FE01B24D44B9D000A21AF /* LaunchScreen.storyboard in Resources */ = {isa = PBXBuildFile; fileRef = 4F9FE01924D44B9D000A21AF /* LaunchScreen.storyboard */; };
		4F9FE01E24D44B9D000A21AF /* main.m in Sources */ = {isa = PBXBuildFile; fileRef = 4F9FE01D24D44B9D000A21AF /* main.m */; };
		4FB45F4C24D45716002F332A /* HHMomentsTableView.m in Sources */ = {isa = PBXBuildFile; fileRef = 4FB45F4B24D45716002F332A /* HHMomentsTableView.m */; };
		4FB45F4F24D4575C002F332A /* HHMomentsTableViewCell.m in Sources */ = {isa = PBXBuildFile; fileRef = 4FB45F4E24D4575C002F332A /* HHMomentsTableViewCell.m */; };
		4FD4B18424D4515A00948648 /* HHMomentsViewController.m in Sources */ = {isa = PBXBuildFile; fileRef = 4FD4B18324D4515A00948648 /* HHMomentsViewController.m */; };
		4FD4B18724D4517200948648 /* HHMomentsModel.m in Sources */ = {isa = PBXBuildFile; fileRef = 4FD4B18624D4517200948648 /* HHMomentsModel.m */; };
		4FD4B18A24D4518500948648 /* HHMomentsViewModel.m in Sources */ = {isa = PBXBuildFile; fileRef = 4FD4B18924D4518500948648 /* HHMomentsViewModel.m */; };
		7EC33C2953558F064348567E /* Pods_MomentsDemo.framework in Frameworks */ = {isa = PBXBuildFile; fileRef = 111792B6A827C9589AD7E29D /* Pods_MomentsDemo.framework */; };
/* End PBXBuildFile section */

/* Begin PBXFileReference section */
		111792B6A827C9589AD7E29D /* Pods_MomentsDemo.framework */ = {isa = PBXFileReference; explicitFileType = wrapper.framework; includeInIndex = 0; path = Pods_MomentsDemo.framework; sourceTree = BUILT_PRODUCTS_DIR; };
		2BF2E14984717511C9F77FB5 /* Pods-MomentsDemo.release.xcconfig */ = {isa = PBXFileReference; includeInIndex = 1; lastKnownFileType = text.xcconfig; name = "Pods-MomentsDemo.release.xcconfig"; path = "Target Support Files/Pods-MomentsDemo/Pods-MomentsDemo.release.xcconfig"; sourceTree = "<group>"; };
		4F03604124D52E4A0010D46C /* HHMomentsLayout.h */ = {isa = PBXFileReference; lastKnownFileType = sourcecode.c.h; path = HHMomentsLayout.h; sourceTree = "<group>"; };
		4F03604224D52E4A0010D46C /* HHMomentsLayout.m */ = {isa = PBXFileReference; lastKnownFileType = sourcecode.c.objc; path = HHMomentsLayout.m; sourceTree = "<group>"; };
		4F03604524D53A760010D46C /* HHConst.h */ = {isa = PBXFileReference; lastKnownFileType = sourcecode.c.h; path = HHConst.h; sourceTree = "<group>"; };
		4F03604624D53A760010D46C /* HHConst.m */ = {isa = PBXFileReference; lastKnownFileType = sourcecode.c.objc; path = HHConst.m; sourceTree = "<group>"; };
		4F529CE824D45DEC00881FCB /* HHPhotoView.h */ = {isa = PBXFileReference; lastKnownFileType = sourcecode.c.h; path = HHPhotoView.h; sourceTree = "<group>"; };
		4F529CE924D45DEC00881FCB /* HHPhotoView.m */ = {isa = PBXFileReference; lastKnownFileType = sourcecode.c.objc; path = HHPhotoView.m; sourceTree = "<group>"; };
		4F529CEB24D4768A00881FCB /* data.json */ = {isa = PBXFileReference; fileEncoding = 4; lastKnownFileType = text.json; path = data.json; sourceTree = "<group>"; };
		4F9FE00824D44B9A000A21AF /* AIO.app */ = {isa = PBXFileReference; explicitFileType = wrapper.application; includeInIndex = 0; path = AIO.app; sourceTree = BUILT_PRODUCTS_DIR; };
		4F9FE00B24D44B9A000A21AF /* AppDelegate.h */ = {isa = PBXFileReference; lastKnownFileType = sourcecode.c.h; path = AppDelegate.h; sourceTree = "<group>"; };
		4F9FE00C24D44B9A000A21AF /* AppDelegate.m */ = {isa = PBXFileReference; lastKnownFileType = sourcecode.c.objc; path = AppDelegate.m; sourceTree = "<group>"; };
		4F9FE01724D44B9C000A21AF /* Assets.xcassets */ = {isa = PBXFileReference; lastKnownFileType = folder.assetcatalog; path = Assets.xcassets; sourceTree = "<group>"; };
		4F9FE01A24D44B9D000A21AF /* Base */ = {isa = PBXFileReference; lastKnownFileType = file.storyboard; name = Base; path = Base.lproj/LaunchScreen.storyboard; sourceTree = "<group>"; };
		4F9FE01C24D44B9D000A21AF /* Info.plist */ = {isa = PBXFileReference; lastKnownFileType = text.plist.xml; path = Info.plist; sourceTree = "<group>"; };
		4F9FE01D24D44B9D000A21AF /* main.m */ = {isa = PBXFileReference; lastKnownFileType = sourcecode.c.objc; path = main.m; sourceTree = "<group>"; };
		4FB45F4A24D45716002F332A /* HHMomentsTableView.h */ = {isa = PBXFileReference; lastKnownFileType = sourcecode.c.h; path = HHMomentsTableView.h; sourceTree = "<group>"; };
		4FB45F4B24D45716002F332A /* HHMomentsTableView.m */ = {isa = PBXFileReference; lastKnownFileType = sourcecode.c.objc; path = HHMomentsTableView.m; sourceTree = "<group>"; };
		4FB45F4D24D4575C002F332A /* HHMomentsTableViewCell.h */ = {isa = PBXFileReference; lastKnownFileType = sourcecode.c.h; path = HHMomentsTableViewCell.h; sourceTree = "<group>"; };
		4FB45F4E24D4575C002F332A /* HHMomentsTableViewCell.m */ = {isa = PBXFileReference; lastKnownFileType = sourcecode.c.objc; path = HHMomentsTableViewCell.m; sourceTree = "<group>"; };
		4FD4B18224D4515A00948648 /* HHMomentsViewController.h */ = {isa = PBXFileReference; lastKnownFileType = sourcecode.c.h; path = HHMomentsViewController.h; sourceTree = "<group>"; };
		4FD4B18324D4515A00948648 /* HHMomentsViewController.m */ = {isa = PBXFileReference; lastKnownFileType = sourcecode.c.objc; path = HHMomentsViewController.m; sourceTree = "<group>"; };
		4FD4B18524D4517200948648 /* HHMomentsModel.h */ = {isa = PBXFileReference; lastKnownFileType = sourcecode.c.h; path = HHMomentsModel.h; sourceTree = "<group>"; };
		4FD4B18624D4517200948648 /* HHMomentsModel.m */ = {isa = PBXFileReference; lastKnownFileType = sourcecode.c.objc; path = HHMomentsModel.m; sourceTree = "<group>"; };
		4FD4B18824D4518500948648 /* HHMomentsViewModel.h */ = {isa = PBXFileReference; lastKnownFileType = sourcecode.c.h; path = HHMomentsViewModel.h; sourceTree = "<group>"; };
		4FD4B18924D4518500948648 /* HHMomentsViewModel.m */ = {isa = PBXFileReference; lastKnownFileType = sourcecode.c.objc; path = HHMomentsViewModel.m; sourceTree = "<group>"; };
		D67CC9D26F7319A4DF9E8676 /* Pods-MomentsDemo.debug.xcconfig */ = {isa = PBXFileReference; includeInIndex = 1; lastKnownFileType = text.xcconfig; name = "Pods-MomentsDemo.debug.xcconfig"; path = "Target Support Files/Pods-MomentsDemo/Pods-MomentsDemo.debug.xcconfig"; sourceTree = "<group>"; };
/* End PBXFileReference section */

/* Begin PBXFrameworksBuildPhase section */
		4F9FE00524D44B9A000A21AF /* Frameworks */ = {
			isa = PBXFrameworksBuildPhase;
			buildActionMask = 2147483647;
			files = (
				7EC33C2953558F064348567E /* Pods_MomentsDemo.framework in Frameworks */,
			);
			runOnlyForDeploymentPostprocessing = 0;
		};
/* End PBXFrameworksBuildPhase section */

/* Begin PBXGroup section */
		4F03604424D53A150010D46C /* Const */ = {
			isa = PBXGroup;
			children = (
				4F03604524D53A760010D46C /* HHConst.h */,
				4F03604624D53A760010D46C /* HHConst.m */,
			);
			path = Const;
			sourceTree = "<group>";
		};
		4F9FDFFF24D44B9A000A21AF = {
			isa = PBXGroup;
			children = (
				4F9FE00A24D44B9A000A21AF /* MomentsDemo */,
				4F9FE00924D44B9A000A21AF /* Products */,
				9091F8E9FABC0D41B555D9AA /* Pods */,
				B0E9D3A832B1B0B517DB70B7 /* Frameworks */,
			);
			sourceTree = "<group>";
		};
		4F9FE00924D44B9A000A21AF /* Products */ = {
			isa = PBXGroup;
			children = (
				4F9FE00824D44B9A000A21AF /* AIO.app */,
			);
			name = Products;
			sourceTree = "<group>";
		};
		4F9FE00A24D44B9A000A21AF /* MomentsDemo */ = {
			isa = PBXGroup;
			children = (
				4FD4B17D24D450EF00948648 /* Classes */,
				4F9FE00B24D44B9A000A21AF /* AppDelegate.h */,
				4F9FE00C24D44B9A000A21AF /* AppDelegate.m */,
				4F9FE01724D44B9C000A21AF /* Assets.xcassets */,
				4F9FE01924D44B9D000A21AF /* LaunchScreen.storyboard */,
				4F9FE01C24D44B9D000A21AF /* Info.plist */,
				4F9FE01D24D44B9D000A21AF /* main.m */,
				4F529CEB24D4768A00881FCB /* data.json */,
			);
			path = MomentsDemo;
			sourceTree = "<group>";
		};
		4FD4B17D24D450EF00948648 /* Classes */ = {
			isa = PBXGroup;
			children = (
				4F03604424D53A150010D46C /* Const */,
				4FD4B18024D4512D00948648 /* Controller */,
				4FD4B18124D4512D00948648 /* Model */,
				4FD4B17F24D4512D00948648 /* ViewModel */,
				4FD4B17E24D4512200948648 /* View */,
			);
			path = Classes;
			sourceTree = "<group>";
		};
		4FD4B17E24D4512200948648 /* View */ = {
			isa = PBXGroup;
			children = (
				4FB45F4A24D45716002F332A /* HHMomentsTableView.h */,
				4FB45F4B24D45716002F332A /* HHMomentsTableView.m */,
				4FB45F4D24D4575C002F332A /* HHMomentsTableViewCell.h */,
				4FB45F4E24D4575C002F332A /* HHMomentsTableViewCell.m */,
				4F529CE824D45DEC00881FCB /* HHPhotoView.h */,
				4F529CE924D45DEC00881FCB /* HHPhotoView.m */,
			);
			path = View;
			sourceTree = "<group>";
		};
		4FD4B17F24D4512D00948648 /* ViewModel */ = {
			isa = PBXGroup;
			children = (
				4FD4B18824D4518500948648 /* HHMomentsViewModel.h */,
				4FD4B18924D4518500948648 /* HHMomentsViewModel.m */,
				4F03604124D52E4A0010D46C /* HHMomentsLayout.h */,
				4F03604224D52E4A0010D46C /* HHMomentsLayout.m */,
			);
			path = ViewModel;
			sourceTree = "<group>";
		};
		4FD4B18024D4512D00948648 /* Controller */ = {
			isa = PBXGroup;
			children = (
				4FD4B18224D4515A00948648 /* HHMomentsViewController.h */,
				4FD4B18324D4515A00948648 /* HHMomentsViewController.m */,
			);
			path = Controller;
			sourceTree = "<group>";
		};
		4FD4B18124D4512D00948648 /* Model */ = {
			isa = PBXGroup;
			children = (
				4FD4B18524D4517200948648 /* HHMomentsModel.h */,
				4FD4B18624D4517200948648 /* HHMomentsModel.m */,
			);
			path = Model;
			sourceTree = "<group>";
		};
		9091F8E9FABC0D41B555D9AA /* Pods */ = {
			isa = PBXGroup;
			children = (
				D67CC9D26F7319A4DF9E8676 /* Pods-MomentsDemo.debug.xcconfig */,
				2BF2E14984717511C9F77FB5 /* Pods-MomentsDemo.release.xcconfig */,
			);
			path = Pods;
			sourceTree = "<group>";
		};
		B0E9D3A832B1B0B517DB70B7 /* Frameworks */ = {
			isa = PBXGroup;
			children = (
				111792B6A827C9589AD7E29D /* Pods_MomentsDemo.framework */,
			);
			name = Frameworks;
			sourceTree = "<group>";
		};
/* End PBXGroup section */

/* Begin PBXNativeTarget section */
		4F9FE00724D44B9A000A21AF /* MomentsDemo */ = {
			isa = PBXNativeTarget;
			buildConfigurationList = 4F9FE02124D44B9D000A21AF /* Build configuration list for PBXNativeTarget "MomentsDemo" */;
			buildPhases = (
				C86CB95F4A0E8F7CF7150A7C /* [CP] Check Pods Manifest.lock */,
				4F9FE00424D44B9A000A21AF /* Sources */,
				4F9FE00524D44B9A000A21AF /* Frameworks */,
				4F9FE00624D44B9A000A21AF /* Resources */,
				876B1FCD25B6802B49DE8458 /* [CP] Embed Pods Frameworks */,
			);
			buildRules = (
			);
			dependencies = (
			);
			name = MomentsDemo;
			productName = MomentsDemo;
			productReference = 4F9FE00824D44B9A000A21AF /* AIO.app */;
			productType = "com.apple.product-type.application";
		};
/* End PBXNativeTarget section */

/* Begin PBXProject section */
		4F9FE00024D44B9A000A21AF /* Project object */ = {
			isa = PBXProject;
			attributes = {
				CLASSPREFIX = HH;
				LastUpgradeCheck = 1110;
				ORGANIZATIONNAME = Cai;
				TargetAttributes = {
					4F9FE00724D44B9A000A21AF = {
						CreatedOnToolsVersion = 11.1;
					};
				};
			};
			buildConfigurationList = 4F9FE00324D44B9A000A21AF /* Build configuration list for PBXProject "MomentsDemo" */;
			compatibilityVersion = "Xcode 9.3";
			developmentRegion = en;
			hasScannedForEncodings = 0;
			knownRegions = (
				en,
				Base,
			);
			mainGroup = 4F9FDFFF24D44B9A000A21AF;
			productRefGroup = 4F9FE00924D44B9A000A21AF /* Products */;
			projectDirPath = "";
			projectRoot = "";
			targets = (
				4F9FE00724D44B9A000A21AF /* MomentsDemo */,
			);
		};
/* End PBXProject section */

/* Begin PBXResourcesBuildPhase section */
		4F9FE00624D44B9A000A21AF /* Resources */ = {
			isa = PBXResourcesBuildPhase;
			buildActionMask = 2147483647;
			files = (
				4F9FE01B24D44B9D000A21AF /* LaunchScreen.storyboard in Resources */,
				4F529CEC24D4768A00881FCB /* data.json in Resources */,
				4F9FE01824D44B9C000A21AF /* Assets.xcassets in Resources */,
			);
			runOnlyForDeploymentPostprocessing = 0;
		};
/* End PBXResourcesBuildPhase section */

/* Begin PBXShellScriptBuildPhase section */
		876B1FCD25B6802B49DE8458 /* [CP] Embed Pods Frameworks */ = {
			isa = PBXShellScriptBuildPhase;
			buildActionMask = 2147483647;
			files = (
			);
			inputFileListPaths = (
				"${PODS_ROOT}/Target Support Files/Pods-MomentsDemo/Pods-MomentsDemo-frameworks-${CONFIGURATION}-input-files.xcfilelist",
			);
			name = "[CP] Embed Pods Frameworks";
			outputFileListPaths = (
				"${PODS_ROOT}/Target Support Files/Pods-MomentsDemo/Pods-MomentsDemo-frameworks-${CONFIGURATION}-output-files.xcfilelist",
			);
			runOnlyForDeploymentPostprocessing = 0;
			shellPath = /bin/sh;
			shellScript = "\"${PODS_ROOT}/Target Support Files/Pods-MomentsDemo/Pods-MomentsDemo-frameworks.sh\"\n";
			showEnvVarsInLog = 0;
		};
		C86CB95F4A0E8F7CF7150A7C /* [CP] Check Pods Manifest.lock */ = {
			isa = PBXShellScriptBuildPhase;
			buildActionMask = 2147483647;
			files = (
			);
			inputFileListPaths = (
			);
			inputPaths = (
				"${PODS_PODFILE_DIR_PATH}/Podfile.lock",
				"${PODS_ROOT}/Manifest.lock",
			);
			name = "[CP] Check Pods Manifest.lock";
			outputFileListPaths = (
			);
			outputPaths = (
				"$(DERIVED_FILE_DIR)/Pods-MomentsDemo-checkManifestLockResult.txt",
			);
			runOnlyForDeploymentPostprocessing = 0;
			shellPath = /bin/sh;
			shellScript = "diff \"${PODS_PODFILE_DIR_PATH}/Podfile.lock\" \"${PODS_ROOT}/Manifest.lock\" > /dev/null\nif [ $? != 0 ] ; then\n    # print error to STDERR\n    echo \"error: The sandbox is not in sync with the Podfile.lock. Run 'pod install' or update your CocoaPods installation.\" >&2\n    exit 1\nfi\n# This output is used by Xcode 'outputs' to avoid re-running this script phase.\necho \"SUCCESS\" > \"${SCRIPT_OUTPUT_FILE_0}\"\n";
			showEnvVarsInLog = 0;
		};
/* End PBXShellScriptBuildPhase section */

/* Begin PBXSourcesBuildPhase section */
		4F9FE00424D44B9A000A21AF /* Sources */ = {
			isa = PBXSourcesBuildPhase;
			buildActionMask = 2147483647;
			files = (
				4F9FE00D24D44B9A000A21AF /* AppDelegate.m in Sources */,
				4FB45F4C24D45716002F332A /* HHMomentsTableView.m in Sources */,
				4FD4B18424D4515A00948648 /* HHMomentsViewController.m in Sources */,
				4FD4B18724D4517200948648 /* HHMomentsModel.m in Sources */,
				4FD4B18A24D4518500948648 /* HHMomentsViewModel.m in Sources */,
				4F03604724D53A760010D46C /* HHConst.m in Sources */,
				4F529CEA24D45DEC00881FCB /* HHPhotoView.m in Sources */,
				4F9FE01E24D44B9D000A21AF /* main.m in Sources */,
				4F03604324D52E4A0010D46C /* HHMomentsLayout.m in Sources */,
				4FB45F4F24D4575C002F332A /* HHMomentsTableViewCell.m in Sources */,
			);
			runOnlyForDeploymentPostprocessing = 0;
		};
/* End PBXSourcesBuildPhase section */

/* Begin PBXVariantGroup section */
		4F9FE01924D44B9D000A21AF /* LaunchScreen.storyboard */ = {
			isa = PBXVariantGroup;
			children = (
				4F9FE01A24D44B9D000A21AF /* Base */,
			);
			name = LaunchScreen.storyboard;
			sourceTree = "<group>";
		};
/* End PBXVariantGroup section */

/* Begin XCBuildConfiguration section */
		4F9FE01F24D44B9D000A21AF /* Debug */ = {
			isa = XCBuildConfiguration;
			buildSettings = {
				ALWAYS_SEARCH_USER_PATHS = NO;
				CLANG_ANALYZER_NONNULL = YES;
				CLANG_ANALYZER_NUMBER_OBJECT_CONVERSION = YES_AGGRESSIVE;
				CLANG_CXX_LANGUAGE_STANDARD = "gnu++14";
				CLANG_CXX_LIBRARY = "libc++";
				CLANG_ENABLE_MODULES = YES;
				CLANG_ENABLE_OBJC_ARC = YES;
				CLANG_ENABLE_OBJC_WEAK = YES;
				CLANG_WARN_BLOCK_CAPTURE_AUTORELEASING = YES;
				CLANG_WARN_BOOL_CONVERSION = YES;
				CLANG_WARN_COMMA = YES;
				CLANG_WARN_CONSTANT_CONVERSION = YES;
				CLANG_WARN_DEPRECATED_OBJC_IMPLEMENTATIONS = YES;
				CLANG_WARN_DIRECT_OBJC_ISA_USAGE = YES_ERROR;
				CLANG_WARN_DOCUMENTATION_COMMENTS = YES;
				CLANG_WARN_EMPTY_BODY = YES;
				CLANG_WARN_ENUM_CONVERSION = YES;
				CLANG_WARN_INFINITE_RECURSION = YES;
				CLANG_WARN_INT_CONVERSION = YES;
				CLANG_WARN_NON_LITERAL_NULL_CONVERSION = YES;
				CLANG_WARN_OBJC_IMPLICIT_RETAIN_SELF = YES;
				CLANG_WARN_OBJC_LITERAL_CONVERSION = YES;
				CLANG_WARN_OBJC_ROOT_CLASS = YES_ERROR;
				CLANG_WARN_RANGE_LOOP_ANALYSIS = YES;
				CLANG_WARN_STRICT_PROTOTYPES = YES;
				CLANG_WARN_SUSPICIOUS_MOVE = YES;
				CLANG_WARN_UNGUARDED_AVAILABILITY = YES_AGGRESSIVE;
				CLANG_WARN_UNREACHABLE_CODE = YES;
				CLANG_WARN__DUPLICATE_METHOD_MATCH = YES;
				COPY_PHASE_STRIP = NO;
				DEBUG_INFORMATION_FORMAT = dwarf;
				ENABLE_STRICT_OBJC_MSGSEND = YES;
				ENABLE_TESTABILITY = YES;
				GCC_C_LANGUAGE_STANDARD = gnu11;
				GCC_DYNAMIC_NO_PIC = NO;
				GCC_NO_COMMON_BLOCKS = YES;
				GCC_OPTIMIZATION_LEVEL = 0;
				GCC_PREPROCESSOR_DEFINITIONS = (
					"DEBUG=1",
					"$(inherited)",
				);
				GCC_WARN_64_TO_32_BIT_CONVERSION = YES;
				GCC_WARN_ABOUT_RETURN_TYPE = YES_ERROR;
				GCC_WARN_UNDECLARED_SELECTOR = YES;
				GCC_WARN_UNINITIALIZED_AUTOS = YES_AGGRESSIVE;
				GCC_WARN_UNUSED_FUNCTION = YES;
				GCC_WARN_UNUSED_VARIABLE = YES;
				IPHONEOS_DEPLOYMENT_TARGET = 13.1;
				MTL_ENABLE_DEBUG_INFO = INCLUDE_SOURCE;
				MTL_FAST_MATH = YES;
				ONLY_ACTIVE_ARCH = YES;
				SDKROOT = iphoneos;
			};
			name = Debug;
		};
		4F9FE02024D44B9D000A21AF /* Release */ = {
			isa = XCBuildConfiguration;
			buildSettings = {
				ALWAYS_SEARCH_USER_PATHS = NO;
				CLANG_ANALYZER_NONNULL = YES;
				CLANG_ANALYZER_NUMBER_OBJECT_CONVERSION = YES_AGGRESSIVE;
				CLANG_CXX_LANGUAGE_STANDARD = "gnu++14";
				CLANG_CXX_LIBRARY = "libc++";
				CLANG_ENABLE_MODULES = YES;
				CLANG_ENABLE_OBJC_ARC = YES;
				CLANG_ENABLE_OBJC_WEAK = YES;
				CLANG_WARN_BLOCK_CAPTURE_AUTORELEASING = YES;
				CLANG_WARN_BOOL_CONVERSION = YES;
				CLANG_WARN_COMMA = YES;
				CLANG_WARN_CONSTANT_CONVERSION = YES;
				CLANG_WARN_DEPRECATED_OBJC_IMPLEMENTATIONS = YES;
				CLANG_WARN_DIRECT_OBJC_ISA_USAGE = YES_ERROR;
				CLANG_WARN_DOCUMENTATION_COMMENTS = YES;
				CLANG_WARN_EMPTY_BODY = YES;
				CLANG_WARN_ENUM_CONVERSION = YES;
				CLANG_WARN_INFINITE_RECURSION = YES;
				CLANG_WARN_INT_CONVERSION = YES;
				CLANG_WARN_NON_LITERAL_NULL_CONVERSION = YES;
				CLANG_WARN_OBJC_IMPLICIT_RETAIN_SELF = YES;
				CLANG_WARN_OBJC_LITERAL_CONVERSION = YES;
				CLANG_WARN_OBJC_ROOT_CLASS = YES_ERROR;
				CLANG_WARN_RANGE_LOOP_ANALYSIS = YES;
				CLANG_WARN_STRICT_PROTOTYPES = YES;
				CLANG_WARN_SUSPICIOUS_MOVE = YES;
				CLANG_WARN_UNGUARDED_AVAILABILITY = YES_AGGRESSIVE;
				CLANG_WARN_UNREACHABLE_CODE = YES;
				CLANG_WARN__DUPLICATE_METHOD_MATCH = YES;
				COPY_PHASE_STRIP = NO;
				DEBUG_INFORMATION_FORMAT = "dwarf-with-dsym";
				ENABLE_NS_ASSERTIONS = NO;
				ENABLE_STRICT_OBJC_MSGSEND = YES;
				GCC_C_LANGUAGE_STANDARD = gnu11;
				GCC_NO_COMMON_BLOCKS = YES;
				GCC_WARN_64_TO_32_BIT_CONVERSION = YES;
				GCC_WARN_ABOUT_RETURN_TYPE = YES_ERROR;
				GCC_WARN_UNDECLARED_SELECTOR = YES;
				GCC_WARN_UNINITIALIZED_AUTOS = YES_AGGRESSIVE;
				GCC_WARN_UNUSED_FUNCTION = YES;
				GCC_WARN_UNUSED_VARIABLE = YES;
				IPHONEOS_DEPLOYMENT_TARGET = 13.1;
				MTL_ENABLE_DEBUG_INFO = NO;
				MTL_FAST_MATH = YES;
				SDKROOT = iphoneos;
				VALIDATE_PRODUCT = YES;
			};
			name = Release;
		};
		4F9FE02224D44B9D000A21AF /* Debug */ = {
			isa = XCBuildConfiguration;
			baseConfigurationReference = D67CC9D26F7319A4DF9E8676 /* Pods-MomentsDemo.debug.xcconfig */;
			buildSettings = {
				ASSETCATALOG_COMPILER_APPICON_NAME = AppIcon;
				CODE_SIGN_STYLE = Automatic;
				DEVELOPMENT_TEAM = 66X9PJVZ92;
				INFOPLIST_FILE = MomentsDemo/Info.plist;
				IPHONEOS_DEPLOYMENT_TARGET = 10.0;
				LD_RUNPATH_SEARCH_PATHS = (
					"$(inherited)",
					"@executable_path/Frameworks",
				);
				PRODUCT_BUNDLE_IDENTIFIER = com.cai.MomentsDemo;
				PRODUCT_NAME = AIO;
				TARGETED_DEVICE_FAMILY = "1,2";
			};
			name = Debug;
		};
		4F9FE02324D44B9D000A21AF /* Release */ = {
			isa = XCBuildConfiguration;
			baseConfigurationReference = 2BF2E14984717511C9F77FB5 /* Pods-MomentsDemo.release.xcconfig */;
			buildSettings = {
				ASSETCATALOG_COMPILER_APPICON_NAME = AppIcon;
				CODE_SIGN_STYLE = Automatic;
				DEVELOPMENT_TEAM = 66X9PJVZ92;
				INFOPLIST_FILE = MomentsDemo/Info.plist;
				IPHONEOS_DEPLOYMENT_TARGET = 10.0;
				LD_RUNPATH_SEARCH_PATHS = (
					"$(inherited)",
					"@executable_path/Frameworks",
				);
				PRODUCT_BUNDLE_IDENTIFIER = com.cai.MomentsDemo;
				PRODUCT_NAME = AIO;
				TARGETED_DEVICE_FAMILY = "1,2";
			};
			name = Release;
		};
/* End XCBuildConfiguration section */

/* Begin XCConfigurationList section */
		4F9FE00324D44B9A000A21AF /* Build configuration list for PBXProject "MomentsDemo" */ = {
			isa = XCConfigurationList;
			buildConfigurations = (
				4F9FE01F24D44B9D000A21AF /* Debug */,
				4F9FE02024D44B9D000A21AF /* Release */,
			);
			defaultConfigurationIsVisible = 0;
			defaultConfigurationName = Release;
		};
		4F9FE02124D44B9D000A21AF /* Build configuration list for PBXNativeTarget "MomentsDemo" */ = {
			isa = XCConfigurationList;
			buildConfigurations = (
				4F9FE02224D44B9D000A21AF /* Debug */,
				4F9FE02324D44B9D000A21AF /* Release */,
			);
			defaultConfigurationIsVisible = 0;
			defaultConfigurationName = Release;
		};
/* End XCConfigurationList section */
	};
	rootObject = 4F9FE00024D44B9A000A21AF /* Project object */;
}
